
Microsoft Visual Studio Solution File, Format Version 12.00
# Visual Studio Version 16
VisualStudioVersion = 16.0.29509.3
MinimumVisualStudioVersion = 10.0.40219.1
Project("{FAE04EC0-301F-11D3-BF4B-00C04F79EFBC}") = "EnergyMonitoring", "EnergyMonitoring\EnergyMonitoring.csproj", "{AB8281EA-19DF-41B2-9BDA-ECD4815D1CFB}"
EndProject
Global
	GlobalSection(SolutionConfigurationPlatforms) = preSolution
		Debug|Any CPU = Debug|Any CPU
		Release|Any CPU = Release|Any CPU
	EndGlobalSection
	GlobalSection(ProjectConfigurationPlatforms) = postSolution
		{AB8281EA-19DF-41B2-9BDA-ECD4815D1CFB}.Debug|Any CPU.ActiveCfg = Debug|Any CPU
		{AB8281EA-19DF-41B2-9BDA-ECD4815D1CFB}.Debug|Any CPU.Build.0 = Debug|Any CPU
		{AB8281EA-19DF-41B2-9BDA-ECD4815D1CFB}.Release|Any CPU.ActiveCfg = Release|Any CPU
		{AB8281EA-19DF-41B2-9BDA-ECD4815D1CFB}.Release|Any CPU.Build.0 = Release|Any CPU
	EndGlobalSection
	GlobalSection(SolutionProperties) = preSolution
		HideSolutionNode = FALSE
	EndGlobalSection
	GlobalSection(ExtensibilityGlobals) = postSolution
		SolutionGuid = {42328945-5633-48A3-BD67-BE2DD9B55191}
	EndGlobalSection
EndGlobal
